
Microsoft Visual Studio Solution File, Format Version 12.00
# Visual Studio Version 16
VisualStudioVersion = 16.0.30011.22
MinimumVisualStudioVersion = 10.0.40219.1
Project("{FAE04EC0-301F-11D3-BF4B-00C04F79EFBC}") = "Tetracube", "Tetracube.csproj", "{382EFB66-001D-4971-BE26-5CA294CC5A34}"
EndProject
Global
	GlobalSection(SolutionConfigurationPlatforms) = preSolution
		Debug|Any CPU = Debug|Any CPU
		Release|Any CPU = Release|Any CPU
	EndGlobalSection
	GlobalSection(ProjectConfigurationPlatforms) = postSolution
		{382EFB66-001D-4971-BE26-5CA294CC5A34}.Debug|Any CPU.ActiveCfg = Debug|Any CPU
		{382EFB66-001D-4971-BE26-5CA294CC5A34}.Debug|Any CPU.Build.0 = Debug|Any CPU
		{382EFB66-001D-4971-BE26-5CA294CC5A34}.Release|Any CPU.ActiveCfg = Release|Any CPU
		{382EFB66-001D-4971-BE26-5CA294CC5A34}.Release|Any CPU.Build.0 = Release|Any CPU
	EndGlobalSection
	GlobalSection(SolutionProperties) = preSolution
		HideSolutionNode = FALSE
	EndGlobalSection
	GlobalSection(ExtensibilityGlobals) = postSolution
		SolutionGuid = {072FB6F6-5224-45D6-BBE6-16EB336577C1}
	EndGlobalSection
EndGlobal
